
Microsoft Visual Studio Solution File, Format Version 12.00
# Visual Studio Version 16
VisualStudioVersion = 16.0.32802.440
MinimumVisualStudioVersion = 10.0.40219.1
Project("{FAE04EC0-301F-11D3-BF4B-00C04F79EFBC}") = "MusicPlaylist", "WindowsFormsApp3\MusicPlaylist.csproj", "{5FDC1992-5476-43E3-AA2B-AC622AA9F7A6}"
EndProject
Global
	GlobalSection(SolutionConfigurationPlatforms) = preSolution
		Debug|Any CPU = Debug|Any CPU
		Release|Any CPU = Release|Any CPU
	EndGlobalSection
	GlobalSection(ProjectConfigurationPlatforms) = postSolution
		{5FDC1992-5476-43E3-AA2B-AC622AA9F7A6}.Debug|Any CPU.ActiveCfg = Debug|Any CPU
		{5FDC1992-5476-43E3-AA2B-AC622AA9F7A6}.Debug|Any CPU.Build.0 = Debug|Any CPU
		{5FDC1992-5476-43E3-AA2B-AC622AA9F7A6}.Release|Any CPU.ActiveCfg = Release|Any CPU
		{5FDC1992-5476-43E3-AA2B-AC622AA9F7A6}.Release|Any CPU.Build.0 = Release|Any CPU
	EndGlobalSection
	GlobalSection(SolutionProperties) = preSolution
		HideSolutionNode = FALSE
	EndGlobalSection
	GlobalSection(ExtensibilityGlobals) = postSolution
		SolutionGuid = {FDFF8F24-844F-4127-B74E-A41AB44092D3}
	EndGlobalSection
EndGlobal
